
Microsoft Visual Studio Solution File, Format Version 12.00
Project("{FAE04EC0-301F-11D3-BF4B-00C04F79EFBC}") = "API", "API\API.csproj", "{E5332C92-A378-4ADF-B42E-424F28D970B1}"
EndProject
Project("{FAE04EC0-301F-11D3-BF4B-00C04F79EFBC}") = "BoxFactoryApplication", "BoxFactoryApplication\BoxFactoryApplication.csproj", "{8BCB8CF4-918E-4D12-8A7B-F17B1EFA2663}"
EndProject
Project("{FAE04EC0-301F-11D3-BF4B-00C04F79EFBC}") = "BoxFactoryDomain", "BoxFactoryDomain\BoxFactoryDomain.csproj", "{A325E7E0-7D79-4955-AF8B-D3039604CD57}"
EndProject
Project("{FAE04EC0-301F-11D3-BF4B-00C04F79EFBC}") = "BoxFactoryInfrastructure", "BoxFactoryInfrastructure\BoxFactoryInfrastructure.csproj", "{5D532895-0C76-480D-B9BF-28D743E7E8AB}"
EndProject
Project("{FAE04EC0-301F-11D3-BF4B-00C04F79EFBC}") = "TestProject1", "TestProject1\TestProject1.csproj", "{7D53C72A-A7B8-4BD5-B0D0-5393DAFAA7E4}"
EndProject
Global
	GlobalSection(SolutionConfigurationPlatforms) = preSolution
		Debug|Any CPU = Debug|Any CPU
		Release|Any CPU = Release|Any CPU
	EndGlobalSection
	GlobalSection(ProjectConfigurationPlatforms) = postSolution
		{E5332C92-A378-4ADF-B42E-424F28D970B1}.Debug|Any CPU.ActiveCfg = Debug|Any CPU
		{E5332C92-A378-4ADF-B42E-424F28D970B1}.Debug|Any CPU.Build.0 = Debug|Any CPU
		{E5332C92-A378-4ADF-B42E-424F28D970B1}.Release|Any CPU.ActiveCfg = Release|Any CPU
		{E5332C92-A378-4ADF-B42E-424F28D970B1}.Release|Any CPU.Build.0 = Release|Any CPU
		{8BCB8CF4-918E-4D12-8A7B-F17B1EFA2663}.Debug|Any CPU.ActiveCfg = Debug|Any CPU
		{8BCB8CF4-918E-4D12-8A7B-F17B1EFA2663}.Debug|Any CPU.Build.0 = Debug|Any CPU
		{8BCB8CF4-918E-4D12-8A7B-F17B1EFA2663}.Release|Any CPU.ActiveCfg = Release|Any CPU
		{8BCB8CF4-918E-4D12-8A7B-F17B1EFA2663}.Release|Any CPU.Build.0 = Release|Any CPU
		{A325E7E0-7D79-4955-AF8B-D3039604CD57}.Debug|Any CPU.ActiveCfg = Debug|Any CPU
		{A325E7E0-7D79-4955-AF8B-D3039604CD57}.Debug|Any CPU.Build.0 = Debug|Any CPU
		{A325E7E0-7D79-4955-AF8B-D3039604CD57}.Release|Any CPU.ActiveCfg = Release|Any CPU
		{A325E7E0-7D79-4955-AF8B-D3039604CD57}.Release|Any CPU.Build.0 = Release|Any CPU
		{5D532895-0C76-480D-B9BF-28D743E7E8AB}.Debug|Any CPU.ActiveCfg = Debug|Any CPU
		{5D532895-0C76-480D-B9BF-28D743E7E8AB}.Debug|Any CPU.Build.0 = Debug|Any CPU
		{5D532895-0C76-480D-B9BF-28D743E7E8AB}.Release|Any CPU.ActiveCfg = Release|Any CPU
		{5D532895-0C76-480D-B9BF-28D743E7E8AB}.Release|Any CPU.Build.0 = Release|Any CPU
		{7D53C72A-A7B8-4BD5-B0D0-5393DAFAA7E4}.Debug|Any CPU.ActiveCfg = Debug|Any CPU
		{7D53C72A-A7B8-4BD5-B0D0-5393DAFAA7E4}.Debug|Any CPU.Build.0 = Debug|Any CPU
		{7D53C72A-A7B8-4BD5-B0D0-5393DAFAA7E4}.Release|Any CPU.ActiveCfg = Release|Any CPU
		{7D53C72A-A7B8-4BD5-B0D0-5393DAFAA7E4}.Release|Any CPU.Build.0 = Release|Any CPU
	EndGlobalSection
EndGlobal
